{
  "lockfileVersion": 1,
  "workspaces": {
    "": {
      "name": "my-npm-package",
      "dependencies": {
        "reflect-metadata": "0.2.2",
      },
      "devDependencies": {
        "bun": "^1.2.10",
        "typescript": "^5.8.3",
      },
    },
  },
  "packages": {
    "@oven/bun-darwin-aarch64": ["@oven/bun-darwin-aarch64@1.2.10", "", { "os": "darwin", "cpu": "arm64" }, "sha512-pEpjQ9JrMMpBZywrZo/+M5ygfnYLCvQLIQWNRaukmd+9oNxHg28kvSLwD8zvYS/us8eAgeCXEwW05MAmHytlJA=="],

    "@oven/bun-darwin-x64": ["@oven/bun-darwin-x64@1.2.10", "", { "os": "darwin", "cpu": "x64" }, "sha512-xNQ+rpIaa/qvaB6k+BsvQ0CTIG0HUTgrg1NlgUTY6dxn7IHqj2YZxHtvTi6/d2Tsy1kq/0QAKXQcD9gFofcgMw=="],

    "@oven/bun-darwin-x64-baseline": ["@oven/bun-darwin-x64-baseline@1.2.10", "", { "os": "darwin", "cpu": "x64" }, "sha512-RYtPL9JxxxEmLpoPidh26jgQgjM1WcK6BeCfJdp/HQcJ8mzvWqO4pOcAyYBf9v5Xsfl1pd1g7nakt8vcR7irPg=="],

    "@oven/bun-linux-aarch64": ["@oven/bun-linux-aarch64@1.2.10", "", { "os": "linux", "cpu": "arm64" }, "sha512-tFDLXmaw7R3QQcRdIVUO0cxKFvBgqxS6mMr8huaEEPpeq2jop4Ti29BRlL9+K42RE8QvrLwz0cV2vgAFUz6hRw=="],

    "@oven/bun-linux-aarch64-musl": ["@oven/bun-linux-aarch64-musl@1.2.10", "", { "os": "linux", "cpu": "none" }, "sha512-YFSSLdeBjoztJQ4/fiInBkj/9Uh4QLdrgEO1IYZXKs146+6B/IC1S912IhyhSI1dbZAEukUCPS+1h6tILhLwHQ=="],

    "@oven/bun-linux-x64": ["@oven/bun-linux-x64@1.2.10", "", { "os": "linux", "cpu": "x64" }, "sha512-90WdCFqQIVTCtcqm92PhtFi0qY56675Iccx5mw8d7fH//ZEmj6z29sfU9CrDR1KN7gqJg8FOyiKeI2lVa/dFjA=="],

    "@oven/bun-linux-x64-baseline": ["@oven/bun-linux-x64-baseline@1.2.10", "", { "os": "linux", "cpu": "x64" }, "sha512-TlFNRDCRkKySsOHolBx/urWvldcIBQHkMpZH+YrJIPX5m8c1tyGmhT79s3GKT+n/bCxMPJXdxquJcXn+o2dNgg=="],

    "@oven/bun-linux-x64-musl": ["@oven/bun-linux-x64-musl@1.2.10", "", { "os": "linux", "cpu": "x64" }, "sha512-QuIoz1J0FvbdkkERRNdTPmRiT7PFVtC/UKxVjVaAvppsQkkBw0r18JovCJjwR8d7SiR8L8ouaKQpAtLBG/e6FQ=="],

    "@oven/bun-linux-x64-musl-baseline": ["@oven/bun-linux-x64-musl-baseline@1.2.10", "", { "os": "linux", "cpu": "x64" }, "sha512-vLBefuSZVHvtwhega+U1bITLr2kmnzF2PjQiM3H/bxmT3Ltp+ZSNnx30tU9Ot+kRFqd48a6rFJz2r+encQTDMw=="],

    "@oven/bun-windows-x64": ["@oven/bun-windows-x64@1.2.10", "", { "os": "win32", "cpu": "x64" }, "sha512-jLo8HCPqlaj1O4P6LJkRZ91gZhSZRPQKWQ0A8g4ysxxXRhuXdpMyeIEqMYzRLCNFwOfhPIl6oVkNDATJ2behAQ=="],

    "@oven/bun-windows-x64-baseline": ["@oven/bun-windows-x64-baseline@1.2.10", "", { "os": "win32", "cpu": "x64" }, "sha512-0wFKLOkNu+bv4gF+ipL32aAJSnV2/XM9cebBD8ZSptPDL86GL87HUkIY4aLzuiLVRCYHXw3bYs1n0ju/9MBKlw=="],

    "bun": ["bun@1.2.10", "", { "optionalDependencies": { "@oven/bun-darwin-aarch64": "1.2.10", "@oven/bun-darwin-x64": "1.2.10", "@oven/bun-darwin-x64-baseline": "1.2.10", "@oven/bun-linux-aarch64": "1.2.10", "@oven/bun-linux-aarch64-musl": "1.2.10", "@oven/bun-linux-x64": "1.2.10", "@oven/bun-linux-x64-baseline": "1.2.10", "@oven/bun-linux-x64-musl": "1.2.10", "@oven/bun-linux-x64-musl-baseline": "1.2.10", "@oven/bun-windows-x64": "1.2.10", "@oven/bun-windows-x64-baseline": "1.2.10" }, "os": [ "linux", "win32", "darwin", ], "cpu": [ "x64", "arm64", ], "bin": { "bun": "bin/bun.exe", "bunx": "bin/bun.exe" } }, "sha512-7KZgjyJQh/nJaU8av0/2Ld9jDPdrVmQb/gAQKuhr796pKLSONJw+mbshme78viR9jbL4q+sgLNW6HOLwYhL0rg=="],

    "reflect-metadata": ["reflect-metadata@0.2.2", "", {}, "sha512-urBwgfrvVP/eAyXx4hluJivBKzuEbSQs9rKWCrCkbSxNv8mxPcUZKeuoF3Uy4mJl3Lwprp6yy5/39VWigZ4K6Q=="],

    "typescript": ["typescript@5.8.3", "", { "bin": { "tsc": "bin/tsc", "tsserver": "bin/tsserver" } }, "sha512-p1diW6TqL9L07nNxvRMM7hMMw4c5XOo/1ibL4aAIGmSAt9slTE1Xgw5KWuof2uTOvCg9BY7ZRi+GaF+7sfgPeQ=="],
  }
}
